{
  "version": 4,
  "terraform_version": "1.0.2",
  "serial": 218,
  "lineage": "6eb170a1-56ac-6d2b-5af1-65085a53c768",
  "outputs": {},
  "resources": [
    {
      "module": "module.s3",
      "mode": "managed",
      "type": "aws_s3_bucket",
      "name": "bucket_logs",
      "provider": "provider[\"registry.terraform.io/hashicorp/aws\"]",
      "instances": [
        {
          "schema_version": 0,
          "attributes": {
            "acceleration_status": "",
            "acl": "private",
            "arn": "arn:aws:s3:::65j7drvt2ntn2z36efvo6fuq6l3pif125dk9727s",
            "bucket": "65j7drvt2ntn2z36efvo6fuq6l3pif125dk9727s",
            "bucket_domain_name": "65j7drvt2ntn2z36efvo6fuq6l3pif125dk9727s.s3.amazonaws.com",
            "bucket_prefix": null,
            "bucket_regional_domain_name": "65j7drvt2ntn2z36efvo6fuq6l3pif125dk9727s.s3.eu-west-1.amazonaws.com",
            "cors_rule": [],
            "force_destroy": false,
            "grant": [],
            "hosted_zone_id": "Z1BKCTXD74EZPE",
            "id": "65j7drvt2ntn2z36efvo6fuq6l3pif125dk9727s",
            "lifecycle_rule": [],
            "logging": [],
            "object_lock_configuration": [],
            "policy": null,
            "region": "eu-west-1",
            "replication_configuration": [],
            "request_payer": "BucketOwner",
            "server_side_encryption_configuration": [],
            "tags": {
              "Description": "Bucket for storing logs"
            },
            "tags_all": {
              "Description": "Bucket for storing logs"
            },
            "versioning": [
              {
                "enabled": false,
                "mfa_delete": false
              }
            ],
            "website": [],
            "website_domain": null,
            "website_endpoint": null
          },
          "sensitive_attributes": [],
          "private": "bnVsbA==",
          "dependencies": [
            "module.s3.random_string.bucket_logs_name"
          ]
        }
      ]
    },
    {
      "module": "module.s3",
      "mode": "managed",
      "type": "random_string",
      "name": "bucket_logs_name",
      "provider": "provider[\"registry.terraform.io/hashicorp/random\"]",
      "instances": [
        {
          "schema_version": 1,
          "attributes": {
            "id": "65j7drvt2ntn2z36efvo6fuq6l3pif125dk9727s",
            "keepers": null,
            "length": 40,
            "lower": true,
            "min_lower": 0,
            "min_numeric": 0,
            "min_special": 0,
            "min_upper": 0,
            "number": true,
            "override_special": null,
            "result": "65j7drvt2ntn2z36efvo6fuq6l3pif125dk9727s",
            "special": false,
            "upper": false
          },
          "sensitive_attributes": [],
          "private": "eyJzY2hlbWFfdmVyc2lvbiI6IjEifQ=="
        }
      ]
    }
  ]
}
